
Microsoft Visual Studio Solution File, Format Version 12.00
# Visual Studio Version 17
VisualStudioVersion = 17.4.33205.214
MinimumVisualStudioVersion = 10.0.40219.1
Project("{9A19103F-16F7-4668-BE54-9A1E7A4F7556}") = "MyProject", "MyProject\MyProject.csproj", "{FF3963B8-FE44-4541-9401-F7DFDAF0AA70}"
EndProject
Project("{FAE04EC0-301F-11D3-BF4B-00C04F79EFBC}") = "Client", "Client\Client.csproj", "{4A71936B-6DF3-4495-AE7C-98616FC09586}"
EndProject
Global
	GlobalSection(SolutionConfigurationPlatforms) = preSolution
		Debug|Any CPU = Debug|Any CPU
		Release|Any CPU = Release|Any CPU
	EndGlobalSection
	GlobalSection(ProjectConfigurationPlatforms) = postSolution
		{FF3963B8-FE44-4541-9401-F7DFDAF0AA70}.Debug|Any CPU.ActiveCfg = Debug|Any CPU
		{FF3963B8-FE44-4541-9401-F7DFDAF0AA70}.Debug|Any CPU.Build.0 = Debug|Any CPU
		{FF3963B8-FE44-4541-9401-F7DFDAF0AA70}.Release|Any CPU.ActiveCfg = Release|Any CPU
		{FF3963B8-FE44-4541-9401-F7DFDAF0AA70}.Release|Any CPU.Build.0 = Release|Any CPU
		{4A71936B-6DF3-4495-AE7C-98616FC09586}.Debug|Any CPU.ActiveCfg = Debug|Any CPU
		{4A71936B-6DF3-4495-AE7C-98616FC09586}.Debug|Any CPU.Build.0 = Debug|Any CPU
		{4A71936B-6DF3-4495-AE7C-98616FC09586}.Release|Any CPU.ActiveCfg = Release|Any CPU
		{4A71936B-6DF3-4495-AE7C-98616FC09586}.Release|Any CPU.Build.0 = Release|Any CPU
	EndGlobalSection
	GlobalSection(SolutionProperties) = preSolution
		HideSolutionNode = FALSE
	EndGlobalSection
	GlobalSection(ExtensibilityGlobals) = postSolution
		SolutionGuid = {BE7769E5-4671-4689-A14D-E1A0A38B706C}
	EndGlobalSection
EndGlobal
